// !$*UTF8*$!
{
	archiveVersion = 1;
	classes = {
	};
	objectVersion = 51;
	objects = {

/* Begin PBXBuildFile section */
		5E9E799493FC2E70B449DD55 /* Pods_pokemondexTests.framework in Frameworks */ = {isa = PBXBuildFile; fileRef = 7CE2D80CFBE989F104C4EDA0 /* Pods_pokemondexTests.framework */; };
		731E977922F97C2F0028474C /* UIColor+Extension.swift in Sources */ = {isa = PBXBuildFile; fileRef = 731E977822F97C2F0028474C /* UIColor+Extension.swift */; };
		731E977C22F97D9D0028474C /* BaseViewController.swift in Sources */ = {isa = PBXBuildFile; fileRef = 731E977B22F97D9D0028474C /* BaseViewController.swift */; };
		731E978422FA73F10028474C /* PokemonDetailViewController.swift in Sources */ = {isa = PBXBuildFile; fileRef = 731E978222FA73F10028474C /* PokemonDetailViewController.swift */; };
		731E978522FA73F10028474C /* PokemonHeaderView.xib in Resources */ = {isa = PBXBuildFile; fileRef = 731E978322FA73F10028474C /* PokemonHeaderView.xib */; };
		731E978722FA79120028474C /* Utils.swift in Sources */ = {isa = PBXBuildFile; fileRef = 731E978622FA79120028474C /* Utils.swift */; };
		731E978922FA7D120028474C /* UIView+Extension.swift in Sources */ = {isa = PBXBuildFile; fileRef = 731E978822FA7D120028474C /* UIView+Extension.swift */; };
		731E978D22FAB8B10028474C /* PokemonHeaderView.swift in Sources */ = {isa = PBXBuildFile; fileRef = 731E978C22FAB8B10028474C /* PokemonHeaderView.swift */; };
		731E979522FBCAD30028474C /* StatsPageView.swift in Sources */ = {isa = PBXBuildFile; fileRef = 731E979322FBCAD30028474C /* StatsPageView.swift */; };
		731E979922FBCB300028474C /* EvolutionsPageView.swift in Sources */ = {isa = PBXBuildFile; fileRef = 731E979722FBCB300028474C /* EvolutionsPageView.swift */; };
		731E979D22FBCB4D0028474C /* MovesPageView.swift in Sources */ = {isa = PBXBuildFile; fileRef = 731E979B22FBCB4D0028474C /* MovesPageView.swift */; };
		731E97A022FBD10F0028474C /* StatsPageView.xib in Resources */ = {isa = PBXBuildFile; fileRef = 731E979F22FBD10F0028474C /* StatsPageView.xib */; };
		731E97A222FBD16A0028474C /* EvolutionsPageView.xib in Resources */ = {isa = PBXBuildFile; fileRef = 731E97A122FBD16A0028474C /* EvolutionsPageView.xib */; };
		731E97A422FBD1A20028474C /* MovesPageView.xib in Resources */ = {isa = PBXBuildFile; fileRef = 731E97A322FBD1A20028474C /* MovesPageView.xib */; };
		731E97A622FBD2270028474C /* NibView.swift in Sources */ = {isa = PBXBuildFile; fileRef = 731E97A522FBD2270028474C /* NibView.swift */; };
		731E97AC22FC01EF0028474C /* LinearProgressView.swift in Sources */ = {isa = PBXBuildFile; fileRef = 731E97AB22FC01EF0028474C /* LinearProgressView.swift */; };
		73F8E3A422F2D5DF0020C0D0 /* AppDelegate.swift in Sources */ = {isa = PBXBuildFile; fileRef = 73F8E3A322F2D5DF0020C0D0 /* AppDelegate.swift */; };
		73F8E3A622F2D5DF0020C0D0 /* PokemonViewController.swift in Sources */ = {isa = PBXBuildFile; fileRef = 73F8E3A522F2D5DF0020C0D0 /* PokemonViewController.swift */; };
		73F8E3A822F2D5DF0020C0D0 /* MovesViewController.swift in Sources */ = {isa = PBXBuildFile; fileRef = 73F8E3A722F2D5DF0020C0D0 /* MovesViewController.swift */; };
		73F8E3AB22F2D5DF0020C0D0 /* Main.storyboard in Resources */ = {isa = PBXBuildFile; fileRef = 73F8E3A922F2D5DF0020C0D0 /* Main.storyboard */; };
		73F8E3AD22F2D5E00020C0D0 /* Assets.xcassets in Resources */ = {isa = PBXBuildFile; fileRef = 73F8E3AC22F2D5E00020C0D0 /* Assets.xcassets */; };
		73F8E3B022F2D5E00020C0D0 /* LaunchScreen.storyboard in Resources */ = {isa = PBXBuildFile; fileRef = 73F8E3AE22F2D5E00020C0D0 /* LaunchScreen.storyboard */; };
		73F8E3BB22F2D5E10020C0D0 /* pokemondexTests.swift in Sources */ = {isa = PBXBuildFile; fileRef = 73F8E3BA22F2D5E10020C0D0 /* pokemondexTests.swift */; };
		73F8E3C622F2D5E10020C0D0 /* pokemondexUITests.swift in Sources */ = {isa = PBXBuildFile; fileRef = 73F8E3C522F2D5E10020C0D0 /* pokemondexUITests.swift */; };
		73F8E3D422F2DA7E0020C0D0 /* ItemsViewController.swift in Sources */ = {isa = PBXBuildFile; fileRef = 73F8E3D322F2DA7E0020C0D0 /* ItemsViewController.swift */; };
		73FA114F2303B6C90010AD7F /* Pokemon.swift in Sources */ = {isa = PBXBuildFile; fileRef = 73FA114E2303B6C90010AD7F /* Pokemon.swift */; };
		73FA11522303B8D80010AD7F /* ApiEnvironment.swift in Sources */ = {isa = PBXBuildFile; fileRef = 73FA11512303B8D80010AD7F /* ApiEnvironment.swift */; };
		73FA11542303B9140010AD7F /* ApiRoute.swift in Sources */ = {isa = PBXBuildFile; fileRef = 73FA11532303B9140010AD7F /* ApiRoute.swift */; };
		73FA11562303F9D50010AD7F /* Item.swift in Sources */ = {isa = PBXBuildFile; fileRef = 73FA11552303F9D50010AD7F /* Item.swift */; };
		73FA11582303FDBB0010AD7F /* Move.swift in Sources */ = {isa = PBXBuildFile; fileRef = 73FA11572303FDBB0010AD7F /* Move.swift */; };
		73FA115B230404E60010AD7F /* ApiContext.swift in Sources */ = {isa = PBXBuildFile; fileRef = 73FA115A230404E60010AD7F /* ApiContext.swift */; };
		73FA115D2304050B0010AD7F /* NonPersistentApiContext.swift in Sources */ = {isa = PBXBuildFile; fileRef = 73FA115C2304050B0010AD7F /* NonPersistentApiContext.swift */; };
		73FA115F230405290010AD7F /* AlamofireService.swift in Sources */ = {isa = PBXBuildFile; fileRef = 73FA115E230405290010AD7F /* AlamofireService.swift */; };
		73FA116223040D3F0010AD7F /* ApiPokemon.swift in Sources */ = {isa = PBXBuildFile; fileRef = 73FA116123040D3F0010AD7F /* ApiPokemon.swift */; };
		808B3B71AA4C0BD4884A0FD2 /* Pods_pokemondexUITests.framework in Frameworks */ = {isa = PBXBuildFile; fileRef = 970CF4EACB2C56ACDE706C57 /* Pods_pokemondexUITests.framework */; };
		9A34CC8D2304522500B4B6C6 /* ApiItem.swift in Sources */ = {isa = PBXBuildFile; fileRef = 9A34CC8C2304522500B4B6C6 /* ApiItem.swift */; };
		9A34CC8F230452BE00B4B6C6 /* ApiMove.swift in Sources */ = {isa = PBXBuildFile; fileRef = 9A34CC8E230452BE00B4B6C6 /* ApiMove.swift */; };
		9A34CC93230456F200B4B6C6 /* PokemonService.swift in Sources */ = {isa = PBXBuildFile; fileRef = 9A34CC92230456F200B4B6C6 /* PokemonService.swift */; };
		9A34CC952304579000B4B6C6 /* ItemService.swift in Sources */ = {isa = PBXBuildFile; fileRef = 9A34CC942304579000B4B6C6 /* ItemService.swift */; };
		9A34CC97230457DE00B4B6C6 /* MoveService.swift in Sources */ = {isa = PBXBuildFile; fileRef = 9A34CC96230457DE00B4B6C6 /* MoveService.swift */; };
		9A34CC9D230459CC00B4B6C6 /* AlamofirePokemonService.swift in Sources */ = {isa = PBXBuildFile; fileRef = 9A34CC9C230459CC00B4B6C6 /* AlamofirePokemonService.swift */; };
		9A34CC9F23045B3400B4B6C6 /* AlamofireItemService.swift in Sources */ = {isa = PBXBuildFile; fileRef = 9A34CC9E23045B3400B4B6C6 /* AlamofireItemService.swift */; };
		9A34CCA123045BC100B4B6C6 /* AlamofireMoveService.swift in Sources */ = {isa = PBXBuildFile; fileRef = 9A34CCA023045BC100B4B6C6 /* AlamofireMoveService.swift */; };
		C7E4ECEEB5828ED634B17816 /* Pods_pokemondex.framework in Frameworks */ = {isa = PBXBuildFile; fileRef = 6036EF0CC7F684F550A75B00 /* Pods_pokemondex.framework */; };
/* End PBXBuildFile section */

/* Begin PBXContainerItemProxy section */
		73F8E3B722F2D5E10020C0D0 /* PBXContainerItemProxy */ = {
			isa = PBXContainerItemProxy;
			containerPortal = 73F8E39822F2D5DF0020C0D0 /* Project object */;
			proxyType = 1;
			remoteGlobalIDString = 73F8E39F22F2D5DF0020C0D0;
			remoteInfo = pokemondex;
		};
		73F8E3C222F2D5E10020C0D0 /* PBXContainerItemProxy */ = {
			isa = PBXContainerItemProxy;
			containerPortal = 73F8E39822F2D5DF0020C0D0 /* Project object */;
			proxyType = 1;
			remoteGlobalIDString = 73F8E39F22F2D5DF0020C0D0;
			remoteInfo = pokemondex;
		};
/* End PBXContainerItemProxy section */

/* Begin PBXFileReference section */
		4B7D4175708B55C149362520 /* Pods-pokemondexUITests.debug.xcconfig */ = {isa = PBXFileReference; includeInIndex = 1; lastKnownFileType = text.xcconfig; name = "Pods-pokemondexUITests.debug.xcconfig"; path = "Target Support Files/Pods-pokemondexUITests/Pods-pokemondexUITests.debug.xcconfig"; sourceTree = "<group>"; };
		6036EF0CC7F684F550A75B00 /* Pods_pokemondex.framework */ = {isa = PBXFileReference; explicitFileType = wrapper.framework; includeInIndex = 0; path = Pods_pokemondex.framework; sourceTree = BUILT_PRODUCTS_DIR; };
		6278D5FE46B192953BB9C641 /* Pods-pokemondex.debug.xcconfig */ = {isa = PBXFileReference; includeInIndex = 1; lastKnownFileType = text.xcconfig; name = "Pods-pokemondex.debug.xcconfig"; path = "Target Support Files/Pods-pokemondex/Pods-pokemondex.debug.xcconfig"; sourceTree = "<group>"; };
		731E977822F97C2F0028474C /* UIColor+Extension.swift */ = {isa = PBXFileReference; lastKnownFileType = sourcecode.swift; path = "UIColor+Extension.swift"; sourceTree = "<group>"; };
		731E977B22F97D9D0028474C /* BaseViewController.swift */ = {isa = PBXFileReference; lastKnownFileType = sourcecode.swift; path = BaseViewController.swift; sourceTree = "<group>"; };
		731E978222FA73F10028474C /* PokemonDetailViewController.swift */ = {isa = PBXFileReference; lastKnownFileType = sourcecode.swift; path = PokemonDetailViewController.swift; sourceTree = "<group>"; };
		731E978322FA73F10028474C /* PokemonHeaderView.xib */ = {isa = PBXFileReference; lastKnownFileType = file.xib; path = PokemonHeaderView.xib; sourceTree = "<group>"; };
		731E978622FA79120028474C /* Utils.swift */ = {isa = PBXFileReference; lastKnownFileType = sourcecode.swift; path = Utils.swift; sourceTree = "<group>"; };
		731E978822FA7D120028474C /* UIView+Extension.swift */ = {isa = PBXFileReference; lastKnownFileType = sourcecode.swift; path = "UIView+Extension.swift"; sourceTree = "<group>"; };
		731E978C22FAB8B10028474C /* PokemonHeaderView.swift */ = {isa = PBXFileReference; lastKnownFileType = sourcecode.swift; path = PokemonHeaderView.swift; sourceTree = "<group>"; };
		731E979322FBCAD30028474C /* StatsPageView.swift */ = {isa = PBXFileReference; lastKnownFileType = sourcecode.swift; path = StatsPageView.swift; sourceTree = "<group>"; };
		731E979722FBCB300028474C /* EvolutionsPageView.swift */ = {isa = PBXFileReference; lastKnownFileType = sourcecode.swift; path = EvolutionsPageView.swift; sourceTree = "<group>"; };
		731E979B22FBCB4D0028474C /* MovesPageView.swift */ = {isa = PBXFileReference; lastKnownFileType = sourcecode.swift; path = MovesPageView.swift; sourceTree = "<group>"; };
		731E979F22FBD10F0028474C /* StatsPageView.xib */ = {isa = PBXFileReference; lastKnownFileType = file.xib; path = StatsPageView.xib; sourceTree = "<group>"; };
		731E97A122FBD16A0028474C /* EvolutionsPageView.xib */ = {isa = PBXFileReference; lastKnownFileType = file.xib; path = EvolutionsPageView.xib; sourceTree = "<group>"; };
		731E97A322FBD1A20028474C /* MovesPageView.xib */ = {isa = PBXFileReference; lastKnownFileType = file.xib; path = MovesPageView.xib; sourceTree = "<group>"; };
		731E97A522FBD2270028474C /* NibView.swift */ = {isa = PBXFileReference; lastKnownFileType = sourcecode.swift; path = NibView.swift; sourceTree = "<group>"; };
		731E97AB22FC01EF0028474C /* LinearProgressView.swift */ = {isa = PBXFileReference; lastKnownFileType = sourcecode.swift; path = LinearProgressView.swift; sourceTree = "<group>"; };
		73F8E3A022F2D5DF0020C0D0 /* pokemondex.app */ = {isa = PBXFileReference; explicitFileType = wrapper.application; includeInIndex = 0; path = pokemondex.app; sourceTree = BUILT_PRODUCTS_DIR; };
		73F8E3A322F2D5DF0020C0D0 /* AppDelegate.swift */ = {isa = PBXFileReference; lastKnownFileType = sourcecode.swift; path = AppDelegate.swift; sourceTree = "<group>"; };
		73F8E3A522F2D5DF0020C0D0 /* PokemonViewController.swift */ = {isa = PBXFileReference; lastKnownFileType = sourcecode.swift; path = PokemonViewController.swift; sourceTree = "<group>"; };
		73F8E3A722F2D5DF0020C0D0 /* MovesViewController.swift */ = {isa = PBXFileReference; lastKnownFileType = sourcecode.swift; path = MovesViewController.swift; sourceTree = "<group>"; };
		73F8E3AA22F2D5DF0020C0D0 /* Base */ = {isa = PBXFileReference; lastKnownFileType = file.storyboard; name = Base; path = Base.lproj/Main.storyboard; sourceTree = "<group>"; };
		73F8E3AC22F2D5E00020C0D0 /* Assets.xcassets */ = {isa = PBXFileReference; lastKnownFileType = folder.assetcatalog; path = Assets.xcassets; sourceTree = "<group>"; };
		73F8E3AF22F2D5E00020C0D0 /* Base */ = {isa = PBXFileReference; lastKnownFileType = file.storyboard; name = Base; path = Base.lproj/LaunchScreen.storyboard; sourceTree = "<group>"; };
		73F8E3B122F2D5E00020C0D0 /* Info.plist */ = {isa = PBXFileReference; lastKnownFileType = text.plist.xml; path = Info.plist; sourceTree = "<group>"; };
		73F8E3B622F2D5E10020C0D0 /* pokemondexTests.xctest */ = {isa = PBXFileReference; explicitFileType = wrapper.cfbundle; includeInIndex = 0; path = pokemondexTests.xctest; sourceTree = BUILT_PRODUCTS_DIR; };
		73F8E3BA22F2D5E10020C0D0 /* pokemondexTests.swift */ = {isa = PBXFileReference; lastKnownFileType = sourcecode.swift; path = pokemondexTests.swift; sourceTree = "<group>"; };
		73F8E3BC22F2D5E10020C0D0 /* Info.plist */ = {isa = PBXFileReference; lastKnownFileType = text.plist.xml; path = Info.plist; sourceTree = "<group>"; };
		73F8E3C122F2D5E10020C0D0 /* pokemondexUITests.xctest */ = {isa = PBXFileReference; explicitFileType = wrapper.cfbundle; includeInIndex = 0; path = pokemondexUITests.xctest; sourceTree = BUILT_PRODUCTS_DIR; };
		73F8E3C522F2D5E10020C0D0 /* pokemondexUITests.swift */ = {isa = PBXFileReference; lastKnownFileType = sourcecode.swift; path = pokemondexUITests.swift; sourceTree = "<group>"; };
		73F8E3C722F2D5E10020C0D0 /* Info.plist */ = {isa = PBXFileReference; lastKnownFileType = text.plist.xml; path = Info.plist; sourceTree = "<group>"; };
		73F8E3D322F2DA7E0020C0D0 /* ItemsViewController.swift */ = {isa = PBXFileReference; lastKnownFileType = sourcecode.swift; path = ItemsViewController.swift; sourceTree = "<group>"; };
		73FA114E2303B6C90010AD7F /* Pokemon.swift */ = {isa = PBXFileReference; lastKnownFileType = sourcecode.swift; path = Pokemon.swift; sourceTree = "<group>"; };
		73FA11512303B8D80010AD7F /* ApiEnvironment.swift */ = {isa = PBXFileReference; lastKnownFileType = sourcecode.swift; name = ApiEnvironment.swift; path = Services/ApiEnvironment.swift; sourceTree = "<group>"; };
		73FA11532303B9140010AD7F /* ApiRoute.swift */ = {isa = PBXFileReference; lastKnownFileType = sourcecode.swift; name = ApiRoute.swift; path = Services/ApiRoute.swift; sourceTree = "<group>"; };
		73FA11552303F9D50010AD7F /* Item.swift */ = {isa = PBXFileReference; lastKnownFileType = sourcecode.swift; path = Item.swift; sourceTree = "<group>"; };
		73FA11572303FDBB0010AD7F /* Move.swift */ = {isa = PBXFileReference; lastKnownFileType = sourcecode.swift; path = Move.swift; sourceTree = "<group>"; };
		73FA115A230404E60010AD7F /* ApiContext.swift */ = {isa = PBXFileReference; lastKnownFileType = sourcecode.swift; name = ApiContext.swift; path = ../Services/ApiContext.swift; sourceTree = "<group>"; };
		73FA115C2304050B0010AD7F /* NonPersistentApiContext.swift */ = {isa = PBXFileReference; lastKnownFileType = sourcecode.swift; name = NonPersistentApiContext.swift; path = ../Services/NonPersistentApiContext.swift; sourceTree = "<group>"; };
		73FA115E230405290010AD7F /* AlamofireService.swift */ = {isa = PBXFileReference; lastKnownFileType = sourcecode.swift; path = AlamofireService.swift; sourceTree = "<group>"; };
		73FA116123040D3F0010AD7F /* ApiPokemon.swift */ = {isa = PBXFileReference; lastKnownFileType = sourcecode.swift; path = ApiPokemon.swift; sourceTree = "<group>"; };
		79219978F1557C3ABE55005A /* Pods-pokemondex.release.xcconfig */ = {isa = PBXFileReference; includeInIndex = 1; lastKnownFileType = text.xcconfig; name = "Pods-pokemondex.release.xcconfig"; path = "Target Support Files/Pods-pokemondex/Pods-pokemondex.release.xcconfig"; sourceTree = "<group>"; };
		7CE2D80CFBE989F104C4EDA0 /* Pods_pokemondexTests.framework */ = {isa = PBXFileReference; explicitFileType = wrapper.framework; includeInIndex = 0; path = Pods_pokemondexTests.framework; sourceTree = BUILT_PRODUCTS_DIR; };
		81A840C5DE80CDF076658240 /* Pods-pokemondexTests.debug.xcconfig */ = {isa = PBXFileReference; includeInIndex = 1; lastKnownFileType = text.xcconfig; name = "Pods-pokemondexTests.debug.xcconfig"; path = "Target Support Files/Pods-pokemondexTests/Pods-pokemondexTests.debug.xcconfig"; sourceTree = "<group>"; };
		970CF4EACB2C56ACDE706C57 /* Pods_pokemondexUITests.framework */ = {isa = PBXFileReference; explicitFileType = wrapper.framework; includeInIndex = 0; path = Pods_pokemondexUITests.framework; sourceTree = BUILT_PRODUCTS_DIR; };
		9A34CC8C2304522500B4B6C6 /* ApiItem.swift */ = {isa = PBXFileReference; lastKnownFileType = sourcecode.swift; path = ApiItem.swift; sourceTree = "<group>"; };
		9A34CC8E230452BE00B4B6C6 /* ApiMove.swift */ = {isa = PBXFileReference; lastKnownFileType = sourcecode.swift; path = ApiMove.swift; sourceTree = "<group>"; };
		9A34CC92230456F200B4B6C6 /* PokemonService.swift */ = {isa = PBXFileReference; lastKnownFileType = sourcecode.swift; path = PokemonService.swift; sourceTree = "<group>"; };
		9A34CC942304579000B4B6C6 /* ItemService.swift */ = {isa = PBXFileReference; lastKnownFileType = sourcecode.swift; path = ItemService.swift; sourceTree = "<group>"; };
		9A34CC96230457DE00B4B6C6 /* MoveService.swift */ = {isa = PBXFileReference; lastKnownFileType = sourcecode.swift; path = MoveService.swift; sourceTree = "<group>"; };
		9A34CC9C230459CC00B4B6C6 /* AlamofirePokemonService.swift */ = {isa = PBXFileReference; lastKnownFileType = sourcecode.swift; path = AlamofirePokemonService.swift; sourceTree = "<group>"; };
		9A34CC9E23045B3400B4B6C6 /* AlamofireItemService.swift */ = {isa = PBXFileReference; lastKnownFileType = sourcecode.swift; path = AlamofireItemService.swift; sourceTree = "<group>"; };
		9A34CCA023045BC100B4B6C6 /* AlamofireMoveService.swift */ = {isa = PBXFileReference; lastKnownFileType = sourcecode.swift; path = AlamofireMoveService.swift; sourceTree = "<group>"; };
		A17F8F44D4578AE77F225A5A /* Pods-pokemondexUITests.release.xcconfig */ = {isa = PBXFileReference; includeInIndex = 1; lastKnownFileType = text.xcconfig; name = "Pods-pokemondexUITests.release.xcconfig"; path = "Target Support Files/Pods-pokemondexUITests/Pods-pokemondexUITests.release.xcconfig"; sourceTree = "<group>"; };
		F329DA9680D99D70C0952F69 /* Pods-pokemondexTests.release.xcconfig */ = {isa = PBXFileReference; includeInIndex = 1; lastKnownFileType = text.xcconfig; name = "Pods-pokemondexTests.release.xcconfig"; path = "Target Support Files/Pods-pokemondexTests/Pods-pokemondexTests.release.xcconfig"; sourceTree = "<group>"; };
/* End PBXFileReference section */

/* Begin PBXFrameworksBuildPhase section */
		73F8E39D22F2D5DF0020C0D0 /* Frameworks */ = {
			isa = PBXFrameworksBuildPhase;
			buildActionMask = 2147483647;
			files = (
				C7E4ECEEB5828ED634B17816 /* Pods_pokemondex.framework in Frameworks */,
			);
			runOnlyForDeploymentPostprocessing = 0;
		};
		73F8E3B322F2D5E10020C0D0 /* Frameworks */ = {
			isa = PBXFrameworksBuildPhase;
			buildActionMask = 2147483647;
			files = (
				5E9E799493FC2E70B449DD55 /* Pods_pokemondexTests.framework in Frameworks */,
			);
			runOnlyForDeploymentPostprocessing = 0;
		};
		73F8E3BE22F2D5E10020C0D0 /* Frameworks */ = {
			isa = PBXFrameworksBuildPhase;
			buildActionMask = 2147483647;
			files = (
				808B3B71AA4C0BD4884A0FD2 /* Pods_pokemondexUITests.framework in Frameworks */,
			);
			runOnlyForDeploymentPostprocessing = 0;
		};
/* End PBXFrameworksBuildPhase section */

/* Begin PBXGroup section */
		028B8B46129B6717A7333BE8 /* Frameworks */ = {
			isa = PBXGroup;
			children = (
				6036EF0CC7F684F550A75B00 /* Pods_pokemondex.framework */,
				7CE2D80CFBE989F104C4EDA0 /* Pods_pokemondexTests.framework */,
				970CF4EACB2C56ACDE706C57 /* Pods_pokemondexUITests.framework */,
			);
			name = Frameworks;
			sourceTree = "<group>";
		};
		731E977722F97C010028474C /* Common */ = {
			isa = PBXGroup;
			children = (
				731E977822F97C2F0028474C /* UIColor+Extension.swift */,
				731E978622FA79120028474C /* Utils.swift */,
				731E978822FA7D120028474C /* UIView+Extension.swift */,
			);
			path = Common;
			sourceTree = "<group>";
		};
		731E977A22F97D0C0028474C /* Controllers */ = {
			isa = PBXGroup;
			children = (
				73F8E3A522F2D5DF0020C0D0 /* PokemonViewController.swift */,
				73F8E3A722F2D5DF0020C0D0 /* MovesViewController.swift */,
				73F8E3D322F2DA7E0020C0D0 /* ItemsViewController.swift */,
				731E977B22F97D9D0028474C /* BaseViewController.swift */,
				731E978222FA73F10028474C /* PokemonDetailViewController.swift */,
			);
			path = Controllers;
			sourceTree = "<group>";
		};
		731E979022FBC8B40028474C /* Views */ = {
			isa = PBXGroup;
			children = (
				731E978C22FAB8B10028474C /* PokemonHeaderView.swift */,
				731E978322FA73F10028474C /* PokemonHeaderView.xib */,
				731E979322FBCAD30028474C /* StatsPageView.swift */,
				731E979F22FBD10F0028474C /* StatsPageView.xib */,
				731E979722FBCB300028474C /* EvolutionsPageView.swift */,
				731E97A122FBD16A0028474C /* EvolutionsPageView.xib */,
				731E979B22FBCB4D0028474C /* MovesPageView.swift */,
				731E97A322FBD1A20028474C /* MovesPageView.xib */,
				731E97A522FBD2270028474C /* NibView.swift */,
				731E97AB22FC01EF0028474C /* LinearProgressView.swift */,
			);
			path = Views;
			sourceTree = "<group>";
		};
		73F8E39722F2D5DF0020C0D0 = {
			isa = PBXGroup;
			children = (
				73F8E3A222F2D5DF0020C0D0 /* pokemondex */,
				73F8E3B922F2D5E10020C0D0 /* pokemondexTests */,
				73F8E3C422F2D5E10020C0D0 /* pokemondexUITests */,
				73F8E3A122F2D5DF0020C0D0 /* Products */,
				DB7F1884ED8DA914A4102C14 /* Pods */,
				028B8B46129B6717A7333BE8 /* Frameworks */,
			);
			sourceTree = "<group>";
		};
		73F8E3A122F2D5DF0020C0D0 /* Products */ = {
			isa = PBXGroup;
			children = (
				73F8E3A022F2D5DF0020C0D0 /* pokemondex.app */,
				73F8E3B622F2D5E10020C0D0 /* pokemondexTests.xctest */,
				73F8E3C122F2D5E10020C0D0 /* pokemondexUITests.xctest */,
			);
			name = Products;
			sourceTree = "<group>";
		};
		73F8E3A222F2D5DF0020C0D0 /* pokemondex */ = {
			isa = PBXGroup;
			children = (
				73FA114D2303B6B60010AD7F /* Models */,
				73FA1159230404A20010AD7F /* Api */,
				731E979022FBC8B40028474C /* Views */,
				731E977A22F97D0C0028474C /* Controllers */,
				731E977722F97C010028474C /* Common */,
				73F8E3A322F2D5DF0020C0D0 /* AppDelegate.swift */,
				73F8E3A922F2D5DF0020C0D0 /* Main.storyboard */,
				73F8E3AC22F2D5E00020C0D0 /* Assets.xcassets */,
				73F8E3AE22F2D5E00020C0D0 /* LaunchScreen.storyboard */,
				73F8E3B122F2D5E00020C0D0 /* Info.plist */,
			);
			path = pokemondex;
			sourceTree = "<group>";
		};
		73F8E3B922F2D5E10020C0D0 /* pokemondexTests */ = {
			isa = PBXGroup;
			children = (
				73F8E3BA22F2D5E10020C0D0 /* pokemondexTests.swift */,
				73F8E3BC22F2D5E10020C0D0 /* Info.plist */,
			);
			path = pokemondexTests;
			sourceTree = "<group>";
		};
		73F8E3C422F2D5E10020C0D0 /* pokemondexUITests */ = {
			isa = PBXGroup;
			children = (
				73F8E3C522F2D5E10020C0D0 /* pokemondexUITests.swift */,
				73F8E3C722F2D5E10020C0D0 /* Info.plist */,
			);
			path = pokemondexUITests;
			sourceTree = "<group>";
		};
		73FA114D2303B6B60010AD7F /* Models */ = {
			isa = PBXGroup;
			children = (
				73FA114E2303B6C90010AD7F /* Pokemon.swift */,
				73FA11552303F9D50010AD7F /* Item.swift */,
				73FA11572303FDBB0010AD7F /* Move.swift */,
			);
			path = Models;
			sourceTree = "<group>";
		};
		73FA11502303B8CB0010AD7F /* Services */ = {
			isa = PBXGroup;
			children = (
				73FA115E230405290010AD7F /* AlamofireService.swift */,
				9A34CC92230456F200B4B6C6 /* PokemonService.swift */,
				9A34CC942304579000B4B6C6 /* ItemService.swift */,
				9A34CC96230457DE00B4B6C6 /* MoveService.swift */,
				9A34CC9C230459CC00B4B6C6 /* AlamofirePokemonService.swift */,
				9A34CC9E23045B3400B4B6C6 /* AlamofireItemService.swift */,
				9A34CCA023045BC100B4B6C6 /* AlamofireMoveService.swift */,
			);
			path = Services;
			sourceTree = "<group>";
		};
		73FA1159230404A20010AD7F /* Api */ = {
			isa = PBXGroup;
			children = (
				73FA11512303B8D80010AD7F /* ApiEnvironment.swift */,
				73FA11532303B9140010AD7F /* ApiRoute.swift */,
				9A34CC99230458EF00B4B6C6 /* Context */,
				73FA11602304056D0010AD7F /* Pokemons */,
				73FA11502303B8CB0010AD7F /* Services */,
			);
			path = Api;
			sourceTree = "<group>";
		};
		73FA11602304056D0010AD7F /* Pokemons */ = {
			isa = PBXGroup;
			children = (
				73FA116123040D3F0010AD7F /* ApiPokemon.swift */,
				9A34CC8C2304522500B4B6C6 /* ApiItem.swift */,
				9A34CC8E230452BE00B4B6C6 /* ApiMove.swift */,
			);
			path = Pokemons;
			sourceTree = "<group>";
		};
		9A34CC99230458EF00B4B6C6 /* Context */ = {
			isa = PBXGroup;
			children = (
				73FA115A230404E60010AD7F /* ApiContext.swift */,
				73FA115C2304050B0010AD7F /* NonPersistentApiContext.swift */,
			);
			path = Context;
			sourceTree = "<group>";
		};
		DB7F1884ED8DA914A4102C14 /* Pods */ = {
			isa = PBXGroup;
			children = (
				6278D5FE46B192953BB9C641 /* Pods-pokemondex.debug.xcconfig */,
				79219978F1557C3ABE55005A /* Pods-pokemondex.release.xcconfig */,
				81A840C5DE80CDF076658240 /* Pods-pokemondexTests.debug.xcconfig */,
				F329DA9680D99D70C0952F69 /* Pods-pokemondexTests.release.xcconfig */,
				4B7D4175708B55C149362520 /* Pods-pokemondexUITests.debug.xcconfig */,
				A17F8F44D4578AE77F225A5A /* Pods-pokemondexUITests.release.xcconfig */,
			);
			path = Pods;
			sourceTree = "<group>";
		};
/* End PBXGroup section */

/* Begin PBXNativeTarget section */
		73F8E39F22F2D5DF0020C0D0 /* pokemondex */ = {
			isa = PBXNativeTarget;
			buildConfigurationList = 73F8E3CA22F2D5E10020C0D0 /* Build configuration list for PBXNativeTarget "pokemondex" */;
			buildPhases = (
				CF0C8AEA3BA4083478E5D5AE /* [CP] Check Pods Manifest.lock */,
				73F8E39C22F2D5DF0020C0D0 /* Sources */,
				73F8E39D22F2D5DF0020C0D0 /* Frameworks */,
				73F8E39E22F2D5DF0020C0D0 /* Resources */,
				DA62257F329AE8992CE64E1F /* [CP] Embed Pods Frameworks */,
			);
			buildRules = (
			);
			dependencies = (
			);
			name = pokemondex;
			productName = pokemondex;
			productReference = 73F8E3A022F2D5DF0020C0D0 /* pokemondex.app */;
			productType = "com.apple.product-type.application";
		};
		73F8E3B522F2D5E10020C0D0 /* pokemondexTests */ = {
			isa = PBXNativeTarget;
			buildConfigurationList = 73F8E3CD22F2D5E10020C0D0 /* Build configuration list for PBXNativeTarget "pokemondexTests" */;
			buildPhases = (
				714B9A5B83C0940992724ADE /* [CP] Check Pods Manifest.lock */,
				73F8E3B222F2D5E10020C0D0 /* Sources */,
				73F8E3B322F2D5E10020C0D0 /* Frameworks */,
				73F8E3B422F2D5E10020C0D0 /* Resources */,
			);
			buildRules = (
			);
			dependencies = (
				73F8E3B822F2D5E10020C0D0 /* PBXTargetDependency */,
			);
			name = pokemondexTests;
			productName = pokemondexTests;
			productReference = 73F8E3B622F2D5E10020C0D0 /* pokemondexTests.xctest */;
			productType = "com.apple.product-type.bundle.unit-test";
		};
		73F8E3C022F2D5E10020C0D0 /* pokemondexUITests */ = {
			isa = PBXNativeTarget;
			buildConfigurationList = 73F8E3D022F2D5E10020C0D0 /* Build configuration list for PBXNativeTarget "pokemondexUITests" */;
			buildPhases = (
				8261F4F1088827020B2357D9 /* [CP] Check Pods Manifest.lock */,
				73F8E3BD22F2D5E10020C0D0 /* Sources */,
				73F8E3BE22F2D5E10020C0D0 /* Frameworks */,
				73F8E3BF22F2D5E10020C0D0 /* Resources */,
			);
			buildRules = (
			);
			dependencies = (
				73F8E3C322F2D5E10020C0D0 /* PBXTargetDependency */,
			);
			name = pokemondexUITests;
			productName = pokemondexUITests;
			productReference = 73F8E3C122F2D5E10020C0D0 /* pokemondexUITests.xctest */;
			productType = "com.apple.product-type.bundle.ui-testing";
		};
/* End PBXNativeTarget section */

/* Begin PBXProject section */
		73F8E39822F2D5DF0020C0D0 /* Project object */ = {
			isa = PBXProject;
			attributes = {
				LastSwiftUpdateCheck = 1030;
				LastUpgradeCheck = 1030;
				ORGANIZATIONNAME = Pokemondex;
				TargetAttributes = {
					73F8E39F22F2D5DF0020C0D0 = {
						CreatedOnToolsVersion = 10.3;
					};
					73F8E3B522F2D5E10020C0D0 = {
						CreatedOnToolsVersion = 10.3;
						TestTargetID = 73F8E39F22F2D5DF0020C0D0;
					};
					73F8E3C022F2D5E10020C0D0 = {
						CreatedOnToolsVersion = 10.3;
						TestTargetID = 73F8E39F22F2D5DF0020C0D0;
					};
				};
			};
			buildConfigurationList = 73F8E39B22F2D5DF0020C0D0 /* Build configuration list for PBXProject "pokemondex" */;
			compatibilityVersion = "Xcode 9.3";
			developmentRegion = en;
			hasScannedForEncodings = 0;
			knownRegions = (
				en,
				Base,
			);
			mainGroup = 73F8E39722F2D5DF0020C0D0;
			productRefGroup = 73F8E3A122F2D5DF0020C0D0 /* Products */;
			projectDirPath = "";
			projectRoot = "";
			targets = (
				73F8E39F22F2D5DF0020C0D0 /* pokemondex */,
				73F8E3B522F2D5E10020C0D0 /* pokemondexTests */,
				73F8E3C022F2D5E10020C0D0 /* pokemondexUITests */,
			);
		};
/* End PBXProject section */

/* Begin PBXResourcesBuildPhase section */
		73F8E39E22F2D5DF0020C0D0 /* Resources */ = {
			isa = PBXResourcesBuildPhase;
			buildActionMask = 2147483647;
			files = (
				73F8E3B022F2D5E00020C0D0 /* LaunchScreen.storyboard in Resources */,
				731E97A222FBD16A0028474C /* EvolutionsPageView.xib in Resources */,
				731E97A422FBD1A20028474C /* MovesPageView.xib in Resources */,
				73F8E3AD22F2D5E00020C0D0 /* Assets.xcassets in Resources */,
				73F8E3AB22F2D5DF0020C0D0 /* Main.storyboard in Resources */,
				731E978522FA73F10028474C /* PokemonHeaderView.xib in Resources */,
				731E97A022FBD10F0028474C /* StatsPageView.xib in Resources */,
			);
			runOnlyForDeploymentPostprocessing = 0;
		};
		73F8E3B422F2D5E10020C0D0 /* Resources */ = {
			isa = PBXResourcesBuildPhase;
			buildActionMask = 2147483647;
			files = (
			);
			runOnlyForDeploymentPostprocessing = 0;
		};
		73F8E3BF22F2D5E10020C0D0 /* Resources */ = {
			isa = PBXResourcesBuildPhase;
			buildActionMask = 2147483647;
			files = (
			);
			runOnlyForDeploymentPostprocessing = 0;
		};
/* End PBXResourcesBuildPhase section */

/* Begin PBXShellScriptBuildPhase section */
		714B9A5B83C0940992724ADE /* [CP] Check Pods Manifest.lock */ = {
			isa = PBXShellScriptBuildPhase;
			buildActionMask = 2147483647;
			files = (
			);
			inputFileListPaths = (
			);
			inputPaths = (
				"${PODS_PODFILE_DIR_PATH}/Podfile.lock",
				"${PODS_ROOT}/Manifest.lock",
			);
			name = "[CP] Check Pods Manifest.lock";
			outputFileListPaths = (
			);
			outputPaths = (
				"$(DERIVED_FILE_DIR)/Pods-pokemondexTests-checkManifestLockResult.txt",
			);
			runOnlyForDeploymentPostprocessing = 0;
			shellPath = /bin/sh;
			shellScript = "diff \"${PODS_PODFILE_DIR_PATH}/Podfile.lock\" \"${PODS_ROOT}/Manifest.lock\" > /dev/null\nif [ $? != 0 ] ; then\n    # print error to STDERR\n    echo \"error: The sandbox is not in sync with the Podfile.lock. Run 'pod install' or update your CocoaPods installation.\" >&2\n    exit 1\nfi\n# This output is used by Xcode 'outputs' to avoid re-running this script phase.\necho \"SUCCESS\" > \"${SCRIPT_OUTPUT_FILE_0}\"\n";
			showEnvVarsInLog = 0;
		};
		8261F4F1088827020B2357D9 /* [CP] Check Pods Manifest.lock */ = {
			isa = PBXShellScriptBuildPhase;
			buildActionMask = 2147483647;
			files = (
			);
			inputFileListPaths = (
			);
			inputPaths = (
				"${PODS_PODFILE_DIR_PATH}/Podfile.lock",
				"${PODS_ROOT}/Manifest.lock",
			);
			name = "[CP] Check Pods Manifest.lock";
			outputFileListPaths = (
			);
			outputPaths = (
				"$(DERIVED_FILE_DIR)/Pods-pokemondexUITests-checkManifestLockResult.txt",
			);
			runOnlyForDeploymentPostprocessing = 0;
			shellPath = /bin/sh;
			shellScript = "diff \"${PODS_PODFILE_DIR_PATH}/Podfile.lock\" \"${PODS_ROOT}/Manifest.lock\" > /dev/null\nif [ $? != 0 ] ; then\n    # print error to STDERR\n    echo \"error: The sandbox is not in sync with the Podfile.lock. Run 'pod install' or update your CocoaPods installation.\" >&2\n    exit 1\nfi\n# This output is used by Xcode 'outputs' to avoid re-running this script phase.\necho \"SUCCESS\" > \"${SCRIPT_OUTPUT_FILE_0}\"\n";
			showEnvVarsInLog = 0;
		};
		CF0C8AEA3BA4083478E5D5AE /* [CP] Check Pods Manifest.lock */ = {
			isa = PBXShellScriptBuildPhase;
			buildActionMask = 2147483647;
			files = (
			);
			inputFileListPaths = (
			);
			inputPaths = (
				"${PODS_PODFILE_DIR_PATH}/Podfile.lock",
				"${PODS_ROOT}/Manifest.lock",
			);
			name = "[CP] Check Pods Manifest.lock";
			outputFileListPaths = (
			);
			outputPaths = (
				"$(DERIVED_FILE_DIR)/Pods-pokemondex-checkManifestLockResult.txt",
			);
			runOnlyForDeploymentPostprocessing = 0;
			shellPath = /bin/sh;
			shellScript = "diff \"${PODS_PODFILE_DIR_PATH}/Podfile.lock\" \"${PODS_ROOT}/Manifest.lock\" > /dev/null\nif [ $? != 0 ] ; then\n    # print error to STDERR\n    echo \"error: The sandbox is not in sync with the Podfile.lock. Run 'pod install' or update your CocoaPods installation.\" >&2\n    exit 1\nfi\n# This output is used by Xcode 'outputs' to avoid re-running this script phase.\necho \"SUCCESS\" > \"${SCRIPT_OUTPUT_FILE_0}\"\n";
			showEnvVarsInLog = 0;
		};
		DA62257F329AE8992CE64E1F /* [CP] Embed Pods Frameworks */ = {
			isa = PBXShellScriptBuildPhase;
			buildActionMask = 2147483647;
			files = (
			);
			inputFileListPaths = (
				"${PODS_ROOT}/Target Support Files/Pods-pokemondex/Pods-pokemondex-frameworks-${CONFIGURATION}-input-files.xcfilelist",
			);
			name = "[CP] Embed Pods Frameworks";
			outputFileListPaths = (
				"${PODS_ROOT}/Target Support Files/Pods-pokemondex/Pods-pokemondex-frameworks-${CONFIGURATION}-output-files.xcfilelist",
			);
			runOnlyForDeploymentPostprocessing = 0;
			shellPath = /bin/sh;
			shellScript = "\"${PODS_ROOT}/Target Support Files/Pods-pokemondex/Pods-pokemondex-frameworks.sh\"\n";
			showEnvVarsInLog = 0;
		};
/* End PBXShellScriptBuildPhase section */

/* Begin PBXSourcesBuildPhase section */
		73F8E39C22F2D5DF0020C0D0 /* Sources */ = {
			isa = PBXSourcesBuildPhase;
			buildActionMask = 2147483647;
			files = (
				9A34CC952304579000B4B6C6 /* ItemService.swift in Sources */,
				73FA11582303FDBB0010AD7F /* Move.swift in Sources */,
				731E97AC22FC01EF0028474C /* LinearProgressView.swift in Sources */,
				73FA114F2303B6C90010AD7F /* Pokemon.swift in Sources */,
				73F8E3A822F2D5DF0020C0D0 /* MovesViewController.swift in Sources */,
				73FA115F230405290010AD7F /* AlamofireService.swift in Sources */,
				731E978D22FAB8B10028474C /* PokemonHeaderView.swift in Sources */,
				73FA116223040D3F0010AD7F /* ApiPokemon.swift in Sources */,
				731E979D22FBCB4D0028474C /* MovesPageView.swift in Sources */,
				9A34CC9D230459CC00B4B6C6 /* AlamofirePokemonService.swift in Sources */,
				73F8E3D422F2DA7E0020C0D0 /* ItemsViewController.swift in Sources */,
				73F8E3A422F2D5DF0020C0D0 /* AppDelegate.swift in Sources */,
				731E978922FA7D120028474C /* UIView+Extension.swift in Sources */,
				9A34CCA123045BC100B4B6C6 /* AlamofireMoveService.swift in Sources */,
				731E97A622FBD2270028474C /* NibView.swift in Sources */,
				73F8E3A622F2D5DF0020C0D0 /* PokemonViewController.swift in Sources */,
				9A34CC8D2304522500B4B6C6 /* ApiItem.swift in Sources */,
				731E978422FA73F10028474C /* PokemonDetailViewController.swift in Sources */,
				9A34CC8F230452BE00B4B6C6 /* ApiMove.swift in Sources */,
				9A34CC9F23045B3400B4B6C6 /* AlamofireItemService.swift in Sources */,
				731E979922FBCB300028474C /* EvolutionsPageView.swift in Sources */,
				73FA11522303B8D80010AD7F /* ApiEnvironment.swift in Sources */,
				73FA11542303B9140010AD7F /* ApiRoute.swift in Sources */,
				73FA11562303F9D50010AD7F /* Item.swift in Sources */,
				731E977C22F97D9D0028474C /* BaseViewController.swift in Sources */,
				731E979522FBCAD30028474C /* StatsPageView.swift in Sources */,
				731E977922F97C2F0028474C /* UIColor+Extension.swift in Sources */,
				73FA115D2304050B0010AD7F /* NonPersistentApiContext.swift in Sources */,
				9A34CC93230456F200B4B6C6 /* PokemonService.swift in Sources */,
				731E978722FA79120028474C /* Utils.swift in Sources */,
				9A34CC97230457DE00B4B6C6 /* MoveService.swift in Sources */,
				73FA115B230404E60010AD7F /* ApiContext.swift in Sources */,
			);
			runOnlyForDeploymentPostprocessing = 0;
		};
		73F8E3B222F2D5E10020C0D0 /* Sources */ = {
			isa = PBXSourcesBuildPhase;
			buildActionMask = 2147483647;
			files = (
				73F8E3BB22F2D5E10020C0D0 /* pokemondexTests.swift in Sources */,
			);
			runOnlyForDeploymentPostprocessing = 0;
		};
		73F8E3BD22F2D5E10020C0D0 /* Sources */ = {
			isa = PBXSourcesBuildPhase;
			buildActionMask = 2147483647;
			files = (
				73F8E3C622F2D5E10020C0D0 /* pokemondexUITests.swift in Sources */,
			);
			runOnlyForDeploymentPostprocessing = 0;
		};
/* End PBXSourcesBuildPhase section */

/* Begin PBXTargetDependency section */
		73F8E3B822F2D5E10020C0D0 /* PBXTargetDependency */ = {
			isa = PBXTargetDependency;
			target = 73F8E39F22F2D5DF0020C0D0 /* pokemondex */;
			targetProxy = 73F8E3B722F2D5E10020C0D0 /* PBXContainerItemProxy */;
		};
		73F8E3C322F2D5E10020C0D0 /* PBXTargetDependency */ = {
			isa = PBXTargetDependency;
			target = 73F8E39F22F2D5DF0020C0D0 /* pokemondex */;
			targetProxy = 73F8E3C222F2D5E10020C0D0 /* PBXContainerItemProxy */;
		};
/* End PBXTargetDependency section */

/* Begin PBXVariantGroup section */
		73F8E3A922F2D5DF0020C0D0 /* Main.storyboard */ = {
			isa = PBXVariantGroup;
			children = (
				73F8E3AA22F2D5DF0020C0D0 /* Base */,
			);
			name = Main.storyboard;
			sourceTree = "<group>";
		};
		73F8E3AE22F2D5E00020C0D0 /* LaunchScreen.storyboard */ = {
			isa = PBXVariantGroup;
			children = (
				73F8E3AF22F2D5E00020C0D0 /* Base */,
			);
			name = LaunchScreen.storyboard;
			sourceTree = "<group>";
		};
/* End PBXVariantGroup section */

/* Begin XCBuildConfiguration section */
		73F8E3C822F2D5E10020C0D0 /* Debug */ = {
			isa = XCBuildConfiguration;
			buildSettings = {
				ALWAYS_SEARCH_USER_PATHS = NO;
				CLANG_ANALYZER_NONNULL = YES;
				CLANG_ANALYZER_NUMBER_OBJECT_CONVERSION = YES_AGGRESSIVE;
				CLANG_CXX_LANGUAGE_STANDARD = "gnu++14";
				CLANG_CXX_LIBRARY = "libc++";
				CLANG_ENABLE_MODULES = YES;
				CLANG_ENABLE_OBJC_ARC = YES;
				CLANG_ENABLE_OBJC_WEAK = YES;
				CLANG_WARN_BLOCK_CAPTURE_AUTORELEASING = YES;
				CLANG_WARN_BOOL_CONVERSION = YES;
				CLANG_WARN_COMMA = YES;
				CLANG_WARN_CONSTANT_CONVERSION = YES;
				CLANG_WARN_DEPRECATED_OBJC_IMPLEMENTATIONS = YES;
				CLANG_WARN_DIRECT_OBJC_ISA_USAGE = YES_ERROR;
				CLANG_WARN_DOCUMENTATION_COMMENTS = YES;
				CLANG_WARN_EMPTY_BODY = YES;
				CLANG_WARN_ENUM_CONVERSION = YES;
				CLANG_WARN_INFINITE_RECURSION = YES;
				CLANG_WARN_INT_CONVERSION = YES;
				CLANG_WARN_NON_LITERAL_NULL_CONVERSION = YES;
				CLANG_WARN_OBJC_IMPLICIT_RETAIN_SELF = YES;
				CLANG_WARN_OBJC_LITERAL_CONVERSION = YES;
				CLANG_WARN_OBJC_ROOT_CLASS = YES_ERROR;
				CLANG_WARN_RANGE_LOOP_ANALYSIS = YES;
				CLANG_WARN_STRICT_PROTOTYPES = YES;
				CLANG_WARN_SUSPICIOUS_MOVE = YES;
				CLANG_WARN_UNGUARDED_AVAILABILITY = YES_AGGRESSIVE;
				CLANG_WARN_UNREACHABLE_CODE = YES;
				CLANG_WARN__DUPLICATE_METHOD_MATCH = YES;
				CODE_SIGN_IDENTITY = "iPhone Developer";
				COPY_PHASE_STRIP = NO;
				DEBUG_INFORMATION_FORMAT = dwarf;
				ENABLE_STRICT_OBJC_MSGSEND = YES;
				ENABLE_TESTABILITY = YES;
				GCC_C_LANGUAGE_STANDARD = gnu11;
				GCC_DYNAMIC_NO_PIC = NO;
				GCC_NO_COMMON_BLOCKS = YES;
				GCC_OPTIMIZATION_LEVEL = 0;
				GCC_PREPROCESSOR_DEFINITIONS = (
					"DEBUG=1",
					"$(inherited)",
				);
				GCC_WARN_64_TO_32_BIT_CONVERSION = YES;
				GCC_WARN_ABOUT_RETURN_TYPE = YES_ERROR;
				GCC_WARN_UNDECLARED_SELECTOR = YES;
				GCC_WARN_UNINITIALIZED_AUTOS = YES_AGGRESSIVE;
				GCC_WARN_UNUSED_FUNCTION = YES;
				GCC_WARN_UNUSED_VARIABLE = YES;
				IPHONEOS_DEPLOYMENT_TARGET = 12.4;
				MTL_ENABLE_DEBUG_INFO = INCLUDE_SOURCE;
				MTL_FAST_MATH = YES;
				ONLY_ACTIVE_ARCH = YES;
				SDKROOT = iphoneos;
				SWIFT_ACTIVE_COMPILATION_CONDITIONS = DEBUG;
				SWIFT_OPTIMIZATION_LEVEL = "-Onone";
			};
			name = Debug;
		};
		73F8E3C922F2D5E10020C0D0 /* Release */ = {
			isa = XCBuildConfiguration;
			buildSettings = {
				ALWAYS_SEARCH_USER_PATHS = NO;
				CLANG_ANALYZER_NONNULL = YES;
				CLANG_ANALYZER_NUMBER_OBJECT_CONVERSION = YES_AGGRESSIVE;
				CLANG_CXX_LANGUAGE_STANDARD = "gnu++14";
				CLANG_CXX_LIBRARY = "libc++";
				CLANG_ENABLE_MODULES = YES;
				CLANG_ENABLE_OBJC_ARC = YES;
				CLANG_ENABLE_OBJC_WEAK = YES;
				CLANG_WARN_BLOCK_CAPTURE_AUTORELEASING = YES;
				CLANG_WARN_BOOL_CONVERSION = YES;
				CLANG_WARN_COMMA = YES;
				CLANG_WARN_CONSTANT_CONVERSION = YES;
				CLANG_WARN_DEPRECATED_OBJC_IMPLEMENTATIONS = YES;
				CLANG_WARN_DIRECT_OBJC_ISA_USAGE = YES_ERROR;
				CLANG_WARN_DOCUMENTATION_COMMENTS = YES;
				CLANG_WARN_EMPTY_BODY = YES;
				CLANG_WARN_ENUM_CONVERSION = YES;
				CLANG_WARN_INFINITE_RECURSION = YES;
				CLANG_WARN_INT_CONVERSION = YES;
				CLANG_WARN_NON_LITERAL_NULL_CONVERSION = YES;
				CLANG_WARN_OBJC_IMPLICIT_RETAIN_SELF = YES;
				CLANG_WARN_OBJC_LITERAL_CONVERSION = YES;
				CLANG_WARN_OBJC_ROOT_CLASS = YES_ERROR;
				CLANG_WARN_RANGE_LOOP_ANALYSIS = YES;
				CLANG_WARN_STRICT_PROTOTYPES = YES;
				CLANG_WARN_SUSPICIOUS_MOVE = YES;
				CLANG_WARN_UNGUARDED_AVAILABILITY = YES_AGGRESSIVE;
				CLANG_WARN_UNREACHABLE_CODE = YES;
				CLANG_WARN__DUPLICATE_METHOD_MATCH = YES;
				CODE_SIGN_IDENTITY = "iPhone Developer";
				COPY_PHASE_STRIP = NO;
				DEBUG_INFORMATION_FORMAT = "dwarf-with-dsym";
				ENABLE_NS_ASSERTIONS = NO;
				ENABLE_STRICT_OBJC_MSGSEND = YES;
				GCC_C_LANGUAGE_STANDARD = gnu11;
				GCC_NO_COMMON_BLOCKS = YES;
				GCC_WARN_64_TO_32_BIT_CONVERSION = YES;
				GCC_WARN_ABOUT_RETURN_TYPE = YES_ERROR;
				GCC_WARN_UNDECLARED_SELECTOR = YES;
				GCC_WARN_UNINITIALIZED_AUTOS = YES_AGGRESSIVE;
				GCC_WARN_UNUSED_FUNCTION = YES;
				GCC_WARN_UNUSED_VARIABLE = YES;
				IPHONEOS_DEPLOYMENT_TARGET = 12.4;
				MTL_ENABLE_DEBUG_INFO = NO;
				MTL_FAST_MATH = YES;
				SDKROOT = iphoneos;
				SWIFT_COMPILATION_MODE = wholemodule;
				SWIFT_OPTIMIZATION_LEVEL = "-O";
				VALIDATE_PRODUCT = YES;
			};
			name = Release;
		};
		73F8E3CB22F2D5E10020C0D0 /* Debug */ = {
			isa = XCBuildConfiguration;
			baseConfigurationReference = 6278D5FE46B192953BB9C641 /* Pods-pokemondex.debug.xcconfig */;
			buildSettings = {
				ASSETCATALOG_COMPILER_APPICON_NAME = AppIcon;
				CODE_SIGN_STYLE = Automatic;
				INFOPLIST_FILE = pokemondex/Info.plist;
				IPHONEOS_DEPLOYMENT_TARGET = 12.2;
				LD_RUNPATH_SEARCH_PATHS = (
					"$(inherited)",
					"@executable_path/Frameworks",
				);
				PRODUCT_BUNDLE_IDENTIFIER = com.ltt.pokemondex;
				PRODUCT_NAME = "$(TARGET_NAME)";
				SWIFT_VERSION = 5.0;
				TARGETED_DEVICE_FAMILY = "1,2";
			};
			name = Debug;
		};
		73F8E3CC22F2D5E10020C0D0 /* Release */ = {
			isa = XCBuildConfiguration;
			baseConfigurationReference = 79219978F1557C3ABE55005A /* Pods-pokemondex.release.xcconfig */;
			buildSettings = {
				ASSETCATALOG_COMPILER_APPICON_NAME = AppIcon;
				CODE_SIGN_STYLE = Automatic;
				INFOPLIST_FILE = pokemondex/Info.plist;
				IPHONEOS_DEPLOYMENT_TARGET = 12.2;
				LD_RUNPATH_SEARCH_PATHS = (
					"$(inherited)",
					"@executable_path/Frameworks",
				);
				PRODUCT_BUNDLE_IDENTIFIER = com.ltt.pokemondex;
				PRODUCT_NAME = "$(TARGET_NAME)";
				SWIFT_VERSION = 5.0;
				TARGETED_DEVICE_FAMILY = "1,2";
			};
			name = Release;
		};
		73F8E3CE22F2D5E10020C0D0 /* Debug */ = {
			isa = XCBuildConfiguration;
			baseConfigurationReference = 81A840C5DE80CDF076658240 /* Pods-pokemondexTests.debug.xcconfig */;
			buildSettings = {
				ALWAYS_EMBED_SWIFT_STANDARD_LIBRARIES = YES;
				BUNDLE_LOADER = "$(TEST_HOST)";
				CODE_SIGN_STYLE = Automatic;
				INFOPLIST_FILE = pokemondexTests/Info.plist;
				LD_RUNPATH_SEARCH_PATHS = (
					"$(inherited)",
					"@executable_path/Frameworks",
					"@loader_path/Frameworks",
				);
				PRODUCT_BUNDLE_IDENTIFIER = com.ltt.pokemondexTests;
				PRODUCT_NAME = "$(TARGET_NAME)";
				SWIFT_VERSION = 5.0;
				TARGETED_DEVICE_FAMILY = "1,2";
				TEST_HOST = "$(BUILT_PRODUCTS_DIR)/pokemondex.app/pokemondex";
			};
			name = Debug;
		};
		73F8E3CF22F2D5E10020C0D0 /* Release */ = {
			isa = XCBuildConfiguration;
			baseConfigurationReference = F329DA9680D99D70C0952F69 /* Pods-pokemondexTests.release.xcconfig */;
			buildSettings = {
				ALWAYS_EMBED_SWIFT_STANDARD_LIBRARIES = YES;
				BUNDLE_LOADER = "$(TEST_HOST)";
				CODE_SIGN_STYLE = Automatic;
				INFOPLIST_FILE = pokemondexTests/Info.plist;
				LD_RUNPATH_SEARCH_PATHS = (
					"$(inherited)",
					"@executable_path/Frameworks",
					"@loader_path/Frameworks",
				);
				PRODUCT_BUNDLE_IDENTIFIER = com.ltt.pokemondexTests;
				PRODUCT_NAME = "$(TARGET_NAME)";
				SWIFT_VERSION = 5.0;
				TARGETED_DEVICE_FAMILY = "1,2";
				TEST_HOST = "$(BUILT_PRODUCTS_DIR)/pokemondex.app/pokemondex";
			};
			name = Release;
		};
		73F8E3D122F2D5E10020C0D0 /* Debug */ = {
			isa = XCBuildConfiguration;
			baseConfigurationReference = 4B7D4175708B55C149362520 /* Pods-pokemondexUITests.debug.xcconfig */;
			buildSettings = {
				ALWAYS_EMBED_SWIFT_STANDARD_LIBRARIES = YES;
				CODE_SIGN_STYLE = Automatic;
				INFOPLIST_FILE = pokemondexUITests/Info.plist;
				LD_RUNPATH_SEARCH_PATHS = (
					"$(inherited)",
					"@executable_path/Frameworks",
					"@loader_path/Frameworks",
				);
				PRODUCT_BUNDLE_IDENTIFIER = com.ltt.pokemondexUITests;
				PRODUCT_NAME = "$(TARGET_NAME)";
				SWIFT_VERSION = 5.0;
				TARGETED_DEVICE_FAMILY = "1,2";
				TEST_TARGET_NAME = pokemondex;
			};
			name = Debug;
		};
		73F8E3D222F2D5E10020C0D0 /* Release */ = {
			isa = XCBuildConfiguration;
			baseConfigurationReference = A17F8F44D4578AE77F225A5A /* Pods-pokemondexUITests.release.xcconfig */;
			buildSettings = {
				ALWAYS_EMBED_SWIFT_STANDARD_LIBRARIES = YES;
				CODE_SIGN_STYLE = Automatic;
				INFOPLIST_FILE = pokemondexUITests/Info.plist;
				LD_RUNPATH_SEARCH_PATHS = (
					"$(inherited)",
					"@executable_path/Frameworks",
					"@loader_path/Frameworks",
				);
				PRODUCT_BUNDLE_IDENTIFIER = com.ltt.pokemondexUITests;
				PRODUCT_NAME = "$(TARGET_NAME)";
				SWIFT_VERSION = 5.0;
				TARGETED_DEVICE_FAMILY = "1,2";
				TEST_TARGET_NAME = pokemondex;
			};
			name = Release;
		};
/* End XCBuildConfiguration section */

/* Begin XCConfigurationList section */
		73F8E39B22F2D5DF0020C0D0 /* Build configuration list for PBXProject "pokemondex" */ = {
			isa = XCConfigurationList;
			buildConfigurations = (
				73F8E3C822F2D5E10020C0D0 /* Debug */,
				73F8E3C922F2D5E10020C0D0 /* Release */,
			);
			defaultConfigurationIsVisible = 0;
			defaultConfigurationName = Release;
		};
		73F8E3CA22F2D5E10020C0D0 /* Build configuration list for PBXNativeTarget "pokemondex" */ = {
			isa = XCConfigurationList;
			buildConfigurations = (
				73F8E3CB22F2D5E10020C0D0 /* Debug */,
				73F8E3CC22F2D5E10020C0D0 /* Release */,
			);
			defaultConfigurationIsVisible = 0;
			defaultConfigurationName = Release;
		};
		73F8E3CD22F2D5E10020C0D0 /* Build configuration list for PBXNativeTarget "pokemondexTests" */ = {
			isa = XCConfigurationList;
			buildConfigurations = (
				73F8E3CE22F2D5E10020C0D0 /* Debug */,
				73F8E3CF22F2D5E10020C0D0 /* Release */,
			);
			defaultConfigurationIsVisible = 0;
			defaultConfigurationName = Release;
		};
		73F8E3D022F2D5E10020C0D0 /* Build configuration list for PBXNativeTarget "pokemondexUITests" */ = {
			isa = XCConfigurationList;
			buildConfigurations = (
				73F8E3D122F2D5E10020C0D0 /* Debug */,
				73F8E3D222F2D5E10020C0D0 /* Release */,
			);
			defaultConfigurationIsVisible = 0;
			defaultConfigurationName = Release;
		};
/* End XCConfigurationList section */
	};
	rootObject = 73F8E39822F2D5DF0020C0D0 /* Project object */;
}
